
Microsoft Visual Studio Solution File, Format Version 12.00
# Blend for Visual Studio Version 16
VisualStudioVersion = 16.0.30907.101
MinimumVisualStudioVersion = 10.0.40219.1
Project("{FAE04EC0-301F-11D3-BF4B-00C04F79EFBC}") = "Graphical_ADB", "Graphical_ADB\Graphical_ADB.csproj", "{8CC9E771-DBDA-44E5-896E-7DD6D052E1CF}"
EndProject
Global
	GlobalSection(SolutionConfigurationPlatforms) = preSolution
		Debug|Any CPU = Debug|Any CPU
		Release|Any CPU = Release|Any CPU
	EndGlobalSection
	GlobalSection(ProjectConfigurationPlatforms) = postSolution
		{8CC9E771-DBDA-44E5-896E-7DD6D052E1CF}.Debug|Any CPU.ActiveCfg = Debug|Any CPU
		{8CC9E771-DBDA-44E5-896E-7DD6D052E1CF}.Debug|Any CPU.Build.0 = Debug|Any CPU
		{8CC9E771-DBDA-44E5-896E-7DD6D052E1CF}.Release|Any CPU.ActiveCfg = Release|Any CPU
		{8CC9E771-DBDA-44E5-896E-7DD6D052E1CF}.Release|Any CPU.Build.0 = Release|Any CPU
	EndGlobalSection
	GlobalSection(SolutionProperties) = preSolution
		HideSolutionNode = FALSE
	EndGlobalSection
	GlobalSection(ExtensibilityGlobals) = postSolution
		SolutionGuid = {E2BC2757-B683-4EDE-AFA7-9A6EADBE7F91}
	EndGlobalSection
EndGlobal
